// !$*UTF8*$!
{
	archiveVersion = 1;
	classes = {
	};
	objectVersion = 46;
	objects = {

/* Begin PBXBuildFile section */
		3E46B7FE1AC09AFE000C4B7F /* AppDelegate.swift in Sources */ = {isa = PBXBuildFile; fileRef = 3E46B7FD1AC09AFE000C4B7F /* AppDelegate.swift */; };
		3E46B8001AC09AFE000C4B7F /* ViewController.swift in Sources */ = {isa = PBXBuildFile; fileRef = 3E46B7FF1AC09AFE000C4B7F /* ViewController.swift */; };
		3E46B8031AC09AFE000C4B7F /* Main.storyboard in Resources */ = {isa = PBXBuildFile; fileRef = 3E46B8011AC09AFE000C4B7F /* Main.storyboard */; };
		3E46B8051AC09AFE000C4B7F /* Images.xcassets in Resources */ = {isa = PBXBuildFile; fileRef = 3E46B8041AC09AFE000C4B7F /* Images.xcassets */; };
		3E46B8081AC09AFE000C4B7F /* LaunchScreen.xib in Resources */ = {isa = PBXBuildFile; fileRef = 3E46B8061AC09AFE000C4B7F /* LaunchScreen.xib */; };
		3E46B8141AC09AFE000C4B7F /* NavigationBarIntrinsicHeightTestTests.swift in Sources */ = {isa = PBXBuildFile; fileRef = 3E46B8131AC09AFE000C4B7F /* NavigationBarIntrinsicHeightTestTests.swift */; };
/* End PBXBuildFile section */

/* Begin PBXContainerItemProxy section */
		3E46B80E1AC09AFE000C4B7F /* PBXContainerItemProxy */ = {
			isa = PBXContainerItemProxy;
			containerPortal = 3E46B7F01AC09AFE000C4B7F /* Project object */;
			proxyType = 1;
			remoteGlobalIDString = 3E46B7F71AC09AFE000C4B7F;
			remoteInfo = NavigationBarIntrinsicHeightTest;
		};
/* End PBXContainerItemProxy section */

/* Begin PBXFileReference section */
		3E46B7F81AC09AFE000C4B7F /* NavigationBarIntrinsicHeightTest.app */ = {isa = PBXFileReference; explicitFileType = wrapper.application; includeInIndex = 0; path = NavigationBarIntrinsicHeightTest.app; sourceTree = BUILT_PRODUCTS_DIR; };
		3E46B7FC1AC09AFE000C4B7F /* Info.plist */ = {isa = PBXFileReference; lastKnownFileType = text.plist.xml; path = Info.plist; sourceTree = "<group>"; };
		3E46B7FD1AC09AFE000C4B7F /* AppDelegate.swift */ = {isa = PBXFileReference; lastKnownFileType = sourcecode.swift; path = AppDelegate.swift; sourceTree = "<group>"; };
		3E46B7FF1AC09AFE000C4B7F /* ViewController.swift */ = {isa = PBXFileReference; lastKnownFileType = sourcecode.swift; path = ViewController.swift; sourceTree = "<group>"; };
		3E46B8021AC09AFE000C4B7F /* Base */ = {isa = PBXFileReference; lastKnownFileType = file.storyboard; name = Base; path = Base.lproj/Main.storyboard; sourceTree = "<group>"; };
		3E46B8041AC09AFE000C4B7F /* Images.xcassets */ = {isa = PBXFileReference; lastKnownFileType = folder.assetcatalog; path = Images.xcassets; sourceTree = "<group>"; };
		3E46B8071AC09AFE000C4B7F /* Base */ = {isa = PBXFileReference; lastKnownFileType = file.xib; name = Base; path = Base.lproj/LaunchScreen.xib; sourceTree = "<group>"; };
		3E46B80D1AC09AFE000C4B7F /* NavigationBarIntrinsicHeightTestTests.xctest */ = {isa = PBXFileReference; explicitFileType = wrapper.cfbundle; includeInIndex = 0; path = NavigationBarIntrinsicHeightTestTests.xctest; sourceTree = BUILT_PRODUCTS_DIR; };
		3E46B8121AC09AFE000C4B7F /* Info.plist */ = {isa = PBXFileReference; lastKnownFileType = text.plist.xml; path = Info.plist; sourceTree = "<group>"; };
		3E46B8131AC09AFE000C4B7F /* NavigationBarIntrinsicHeightTestTests.swift */ = {isa = PBXFileReference; lastKnownFileType = sourcecode.swift; path = NavigationBarIntrinsicHeightTestTests.swift; sourceTree = "<group>"; };
/* End PBXFileReference section */

/* Begin PBXFrameworksBuildPhase section */
		3E46B7F51AC09AFE000C4B7F /* Frameworks */ = {
			isa = PBXFrameworksBuildPhase;
			buildActionMask = 2147483647;
			files = (
			);
			runOnlyForDeploymentPostprocessing = 0;
		};
		3E46B80A1AC09AFE000C4B7F /* Frameworks */ = {
			isa = PBXFrameworksBuildPhase;
			buildActionMask = 2147483647;
			files = (
			);
			runOnlyForDeploymentPostprocessing = 0;
		};
/* End PBXFrameworksBuildPhase section */

/* Begin PBXGroup section */
		3E46B7EF1AC09AFE000C4B7F = {
			isa = PBXGroup;
			children = (
				3E46B7FA1AC09AFE000C4B7F /* NavigationBarIntrinsicHeightTest */,
				3E46B8101AC09AFE000C4B7F /* NavigationBarIntrinsicHeightTestTests */,
				3E46B7F91AC09AFE000C4B7F /* Products */,
			);
			sourceTree = "<group>";
		};
		3E46B7F91AC09AFE000C4B7F /* Products */ = {
			isa = PBXGroup;
			children = (
				3E46B7F81AC09AFE000C4B7F /* NavigationBarIntrinsicHeightTest.app */,
				3E46B80D1AC09AFE000C4B7F /* NavigationBarIntrinsicHeightTestTests.xctest */,
			);
			name = Products;
			sourceTree = "<group>";
		};
		3E46B7FA1AC09AFE000C4B7F /* NavigationBarIntrinsicHeightTest */ = {
			isa = PBXGroup;
			children = (
				3E46B7FD1AC09AFE000C4B7F /* AppDelegate.swift */,
				3E46B7FF1AC09AFE000C4B7F /* ViewController.swift */,
				3E46B8011AC09AFE000C4B7F /* Main.storyboard */,
				3E46B8041AC09AFE000C4B7F /* Images.xcassets */,
				3E46B8061AC09AFE000C4B7F /* LaunchScreen.xib */,
				3E46B7FB1AC09AFE000C4B7F /* Supporting Files */,
			);
			path = NavigationBarIntrinsicHeightTest;
			sourceTree = "<group>";
		};
		3E46B7FB1AC09AFE000C4B7F /* Supporting Files */ = {
			isa = PBXGroup;
			children = (
				3E46B7FC1AC09AFE000C4B7F /* Info.plist */,
			);
			name = "Supporting Files";
			sourceTree = "<group>";
		};
		3E46B8101AC09AFE000C4B7F /* NavigationBarIntrinsicHeightTestTests */ = {
			isa = PBXGroup;
			children = (
				3E46B8131AC09AFE000C4B7F /* NavigationBarIntrinsicHeightTestTests.swift */,
				3E46B8111AC09AFE000C4B7F /* Supporting Files */,
			);
			path = NavigationBarIntrinsicHeightTestTests;
			sourceTree = "<group>";
		};
		3E46B8111AC09AFE000C4B7F /* Supporting Files */ = {
			isa = PBXGroup;
			children = (
				3E46B8121AC09AFE000C4B7F /* Info.plist */,
			);
			name = "Supporting Files";
			sourceTree = "<group>";
		};
/* End PBXGroup section */

/* Begin PBXNativeTarget section */
		3E46B7F71AC09AFE000C4B7F /* NavigationBarIntrinsicHeightTest */ = {
			isa = PBXNativeTarget;
			buildConfigurationList = 3E46B8171AC09AFE000C4B7F /* Build configuration list for PBXNativeTarget "NavigationBarIntrinsicHeightTest" */;
			buildPhases = (
				3E46B7F41AC09AFE000C4B7F /* Sources */,
				3E46B7F51AC09AFE000C4B7F /* Frameworks */,
				3E46B7F61AC09AFE000C4B7F /* Resources */,
			);
			buildRules = (
			);
			dependencies = (
			);
			name = NavigationBarIntrinsicHeightTest;
			productName = NavigationBarIntrinsicHeightTest;
			productReference = 3E46B7F81AC09AFE000C4B7F /* NavigationBarIntrinsicHeightTest.app */;
			productType = "com.apple.product-type.application";
		};
		3E46B80C1AC09AFE000C4B7F /* NavigationBarIntrinsicHeightTestTests */ = {
			isa = PBXNativeTarget;
			buildConfigurationList = 3E46B81A1AC09AFE000C4B7F /* Build configuration list for PBXNativeTarget "NavigationBarIntrinsicHeightTestTests" */;
			buildPhases = (
				3E46B8091AC09AFE000C4B7F /* Sources */,
				3E46B80A1AC09AFE000C4B7F /* Frameworks */,
				3E46B80B1AC09AFE000C4B7F /* Resources */,
			);
			buildRules = (
			);
			dependencies = (
				3E46B80F1AC09AFE000C4B7F /* PBXTargetDependency */,
			);
			name = NavigationBarIntrinsicHeightTestTests;
			productName = NavigationBarIntrinsicHeightTestTests;
			productReference = 3E46B80D1AC09AFE000C4B7F /* NavigationBarIntrinsicHeightTestTests.xctest */;
			productType = "com.apple.product-type.bundle.unit-test";
		};
/* End PBXNativeTarget section */

/* Begin PBXProject section */
		3E46B7F01AC09AFE000C4B7F /* Project object */ = {
			isa = PBXProject;
			attributes = {
				LastUpgradeCheck = 0630;
				ORGANIZATIONNAME = "The Omni Group";
				TargetAttributes = {
					3E46B7F71AC09AFE000C4B7F = {
						CreatedOnToolsVersion = 6.3;
					};
					3E46B80C1AC09AFE000C4B7F = {
						CreatedOnToolsVersion = 6.3;
						TestTargetID = 3E46B7F71AC09AFE000C4B7F;
					};
				};
			};
			buildConfigurationList = 3E46B7F31AC09AFE000C4B7F /* Build configuration list for PBXProject "NavigationBarIntrinsicHeightTest" */;
			compatibilityVersion = "Xcode 3.2";
			developmentRegion = English;
			hasScannedForEncodings = 0;
			knownRegions = (
				en,
				Base,
			);
			mainGroup = 3E46B7EF1AC09AFE000C4B7F;
			productRefGroup = 3E46B7F91AC09AFE000C4B7F /* Products */;
			projectDirPath = "";
			projectRoot = "";
			targets = (
				3E46B7F71AC09AFE000C4B7F /* NavigationBarIntrinsicHeightTest */,
				3E46B80C1AC09AFE000C4B7F /* NavigationBarIntrinsicHeightTestTests */,
			);
		};
/* End PBXProject section */

/* Begin PBXResourcesBuildPhase section */
		3E46B7F61AC09AFE000C4B7F /* Resources */ = {
			isa = PBXResourcesBuildPhase;
			buildActionMask = 2147483647;
			files = (
				3E46B8031AC09AFE000C4B7F /* Main.storyboard in Resources */,
				3E46B8081AC09AFE000C4B7F /* LaunchScreen.xib in Resources */,
				3E46B8051AC09AFE000C4B7F /* Images.xcassets in Resources */,
			);
			runOnlyForDeploymentPostprocessing = 0;
		};
		3E46B80B1AC09AFE000C4B7F /* Resources */ = {
			isa = PBXResourcesBuildPhase;
			buildActionMask = 2147483647;
			files = (
			);
			runOnlyForDeploymentPostprocessing = 0;
		};
/* End PBXResourcesBuildPhase section */

/* Begin PBXSourcesBuildPhase section */
		3E46B7F41AC09AFE000C4B7F /* Sources */ = {
			isa = PBXSourcesBuildPhase;
			buildActionMask = 2147483647;
			files = (
				3E46B8001AC09AFE000C4B7F /* ViewController.swift in Sources */,
				3E46B7FE1AC09AFE000C4B7F /* AppDelegate.swift in Sources */,
			);
			runOnlyForDeploymentPostprocessing = 0;
		};
		3E46B8091AC09AFE000C4B7F /* Sources */ = {
			isa = PBXSourcesBuildPhase;
			buildActionMask = 2147483647;
			files = (
				3E46B8141AC09AFE000C4B7F /* NavigationBarIntrinsicHeightTestTests.swift in Sources */,
			);
			runOnlyForDeploymentPostprocessing = 0;
		};
/* End PBXSourcesBuildPhase section */

/* Begin PBXTargetDependency section */
		3E46B80F1AC09AFE000C4B7F /* PBXTargetDependency */ = {
			isa = PBXTargetDependency;
			target = 3E46B7F71AC09AFE000C4B7F /* NavigationBarIntrinsicHeightTest */;
			targetProxy = 3E46B80E1AC09AFE000C4B7F /* PBXContainerItemProxy */;
		};
/* End PBXTargetDependency section */

/* Begin PBXVariantGroup section */
		3E46B8011AC09AFE000C4B7F /* Main.storyboard */ = {
			isa = PBXVariantGroup;
			children = (
				3E46B8021AC09AFE000C4B7F /* Base */,
			);
			name = Main.storyboard;
			sourceTree = "<group>";
		};
		3E46B8061AC09AFE000C4B7F /* LaunchScreen.xib */ = {
			isa = PBXVariantGroup;
			children = (
				3E46B8071AC09AFE000C4B7F /* Base */,
			);
			name = LaunchScreen.xib;
			sourceTree = "<group>";
		};
/* End PBXVariantGroup section */

/* Begin XCBuildConfiguration section */
		3E46B8151AC09AFE000C4B7F /* Debug */ = {
			isa = XCBuildConfiguration;
			buildSettings = {
				ALWAYS_SEARCH_USER_PATHS = NO;
				CLANG_CXX_LANGUAGE_STANDARD = "gnu++0x";
				CLANG_CXX_LIBRARY = "libc++";
				CLANG_ENABLE_MODULES = YES;
				CLANG_ENABLE_OBJC_ARC = YES;
				CLANG_WARN_BOOL_CONVERSION = YES;
				CLANG_WARN_CONSTANT_CONVERSION = YES;
				CLANG_WARN_DIRECT_OBJC_ISA_USAGE = YES_ERROR;
				CLANG_WARN_EMPTY_BODY = YES;
				CLANG_WARN_ENUM_CONVERSION = YES;
				CLANG_WARN_INT_CONVERSION = YES;
				CLANG_WARN_OBJC_ROOT_CLASS = YES_ERROR;
				CLANG_WARN_UNREACHABLE_CODE = YES;
				CLANG_WARN__DUPLICATE_METHOD_MATCH = YES;
				"CODE_SIGN_IDENTITY[sdk=iphoneos*]" = "iPhone Developer";
				COPY_PHASE_STRIP = NO;
				DEBUG_INFORMATION_FORMAT = "dwarf-with-dsym";
				ENABLE_STRICT_OBJC_MSGSEND = YES;
				GCC_C_LANGUAGE_STANDARD = gnu99;
				GCC_DYNAMIC_NO_PIC = NO;
				GCC_NO_COMMON_BLOCKS = YES;
				GCC_OPTIMIZATION_LEVEL = 0;
				GCC_PREPROCESSOR_DEFINITIONS = (
					"DEBUG=1",
					"$(inherited)",
				);
				GCC_SYMBOLS_PRIVATE_EXTERN = NO;
				GCC_WARN_64_TO_32_BIT_CONVERSION = YES;
				GCC_WARN_ABOUT_RETURN_TYPE = YES_ERROR;
				GCC_WARN_UNDECLARED_SELECTOR = YES;
				GCC_WARN_UNINITIALIZED_AUTOS = YES_AGGRESSIVE;
				GCC_WARN_UNUSED_FUNCTION = YES;
				GCC_WARN_UNUSED_VARIABLE = YES;
				IPHONEOS_DEPLOYMENT_TARGET = 8.3;
				MTL_ENABLE_DEBUG_INFO = YES;
				ONLY_ACTIVE_ARCH = YES;
				SDKROOT = iphoneos;
				SWIFT_OPTIMIZATION_LEVEL = "-Onone";
				TARGETED_DEVICE_FAMILY = "1,2";
			};
			name = Debug;
		};
		3E46B8161AC09AFE000C4B7F /* Release */ = {
			isa = XCBuildConfiguration;
			buildSettings = {
				ALWAYS_SEARCH_USER_PATHS = NO;
				CLANG_CXX_LANGUAGE_STANDARD = "gnu++0x";
				CLANG_CXX_LIBRARY = "libc++";
				CLANG_ENABLE_MODULES = YES;
				CLANG_ENABLE_OBJC_ARC = YES;
				CLANG_WARN_BOOL_CONVERSION = YES;
				CLANG_WARN_CONSTANT_CONVERSION = YES;
				CLANG_WARN_DIRECT_OBJC_ISA_USAGE = YES_ERROR;
				CLANG_WARN_EMPTY_BODY = YES;
				CLANG_WARN_ENUM_CONVERSION = YES;
				CLANG_WARN_INT_CONVERSION = YES;
				CLANG_WARN_OBJC_ROOT_CLASS = YES_ERROR;
				CLANG_WARN_UNREACHABLE_CODE = YES;
				CLANG_WARN__DUPLICATE_METHOD_MATCH = YES;
				"CODE_SIGN_IDENTITY[sdk=iphoneos*]" = "iPhone Developer";
				COPY_PHASE_STRIP = NO;
				DEBUG_INFORMATION_FORMAT = "dwarf-with-dsym";
				ENABLE_NS_ASSERTIONS = NO;
				ENABLE_STRICT_OBJC_MSGSEND = YES;
				GCC_C_LANGUAGE_STANDARD = gnu99;
				GCC_NO_COMMON_BLOCKS = YES;
				GCC_WARN_64_TO_32_BIT_CONVERSION = YES;
				GCC_WARN_ABOUT_RETURN_TYPE = YES_ERROR;
				GCC_WARN_UNDECLARED_SELECTOR = YES;
				GCC_WARN_UNINITIALIZED_AUTOS = YES_AGGRESSIVE;
				GCC_WARN_UNUSED_FUNCTION = YES;
				GCC_WARN_UNUSED_VARIABLE = YES;
				IPHONEOS_DEPLOYMENT_TARGET = 8.3;
				MTL_ENABLE_DEBUG_INFO = NO;
				SDKROOT = iphoneos;
				TARGETED_DEVICE_FAMILY = "1,2";
				VALIDATE_PRODUCT = YES;
			};
			name = Release;
		};
		3E46B8181AC09AFE000C4B7F /* Debug */ = {
			isa = XCBuildConfiguration;
			buildSettings = {
				ASSETCATALOG_COMPILER_APPICON_NAME = AppIcon;
				INFOPLIST_FILE = NavigationBarIntrinsicHeightTest/Info.plist;
				LD_RUNPATH_SEARCH_PATHS = "$(inherited) @executable_path/Frameworks";
				PRODUCT_NAME = "$(TARGET_NAME)";
			};
			name = Debug;
		};
		3E46B8191AC09AFE000C4B7F /* Release */ = {
			isa = XCBuildConfiguration;
			buildSettings = {
				ASSETCATALOG_COMPILER_APPICON_NAME = AppIcon;
				INFOPLIST_FILE = NavigationBarIntrinsicHeightTest/Info.plist;
				LD_RUNPATH_SEARCH_PATHS = "$(inherited) @executable_path/Frameworks";
				PRODUCT_NAME = "$(TARGET_NAME)";
			};
			name = Release;
		};
		3E46B81B1AC09AFE000C4B7F /* Debug */ = {
			isa = XCBuildConfiguration;
			buildSettings = {
				BUNDLE_LOADER = "$(TEST_HOST)";
				FRAMEWORK_SEARCH_PATHS = (
					"$(SDKROOT)/Developer/Library/Frameworks",
					"$(inherited)",
				);
				GCC_PREPROCESSOR_DEFINITIONS = (
					"DEBUG=1",
					"$(inherited)",
				);
				INFOPLIST_FILE = NavigationBarIntrinsicHeightTestTests/Info.plist;
				LD_RUNPATH_SEARCH_PATHS = "$(inherited) @executable_path/Frameworks @loader_path/Frameworks";
				PRODUCT_NAME = "$(TARGET_NAME)";
				TEST_HOST = "$(BUILT_PRODUCTS_DIR)/NavigationBarIntrinsicHeightTest.app/NavigationBarIntrinsicHeightTest";
			};
			name = Debug;
		};
		3E46B81C1AC09AFE000C4B7F /* Release */ = {
			isa = XCBuildConfiguration;
			buildSettings = {
				BUNDLE_LOADER = "$(TEST_HOST)";
				FRAMEWORK_SEARCH_PATHS = (
					"$(SDKROOT)/Developer/Library/Frameworks",
					"$(inherited)",
				);
				INFOPLIST_FILE = NavigationBarIntrinsicHeightTestTests/Info.plist;
				LD_RUNPATH_SEARCH_PATHS = "$(inherited) @executable_path/Frameworks @loader_path/Frameworks";
				PRODUCT_NAME = "$(TARGET_NAME)";
				TEST_HOST = "$(BUILT_PRODUCTS_DIR)/NavigationBarIntrinsicHeightTest.app/NavigationBarIntrinsicHeightTest";
			};
			name = Release;
		};
/* End XCBuildConfiguration section */

/* Begin XCConfigurationList section */
		3E46B7F31AC09AFE000C4B7F /* Build configuration list for PBXProject "NavigationBarIntrinsicHeightTest" */ = {
			isa = XCConfigurationList;
			buildConfigurations = (
				3E46B8151AC09AFE000C4B7F /* Debug */,
				3E46B8161AC09AFE000C4B7F /* Release */,
			);
			defaultConfigurationIsVisible = 0;
			defaultConfigurationName = Release;
		};
		3E46B8171AC09AFE000C4B7F /* Build configuration list for PBXNativeTarget "NavigationBarIntrinsicHeightTest" */ = {
			isa = XCConfigurationList;
			buildConfigurations = (
				3E46B8181AC09AFE000C4B7F /* Debug */,
				3E46B8191AC09AFE000C4B7F /* Release */,
			);
			defaultConfigurationIsVisible = 0;
		};
		3E46B81A1AC09AFE000C4B7F /* Build configuration list for PBXNativeTarget "NavigationBarIntrinsicHeightTestTests" */ = {
			isa = XCConfigurationList;
			buildConfigurations = (
				3E46B81B1AC09AFE000C4B7F /* Debug */,
				3E46B81C1AC09AFE000C4B7F /* Release */,
			);
			defaultConfigurationIsVisible = 0;
		};
/* End XCConfigurationList section */
	};
	rootObject = 3E46B7F01AC09AFE000C4B7F /* Project object */;
}
